
Microsoft Visual Studio Solution File, Format Version 12.00
# Visual Studio Version 16
VisualStudioVersion = 16.0.30611.23
MinimumVisualStudioVersion = 10.0.40219.1
Project("{FAE04EC0-301F-11D3-BF4B-00C04F79EFBC}") = "Assignment04", "Assignment04\Assignment04.csproj", "{CD92BA69-9C72-4066-970F-4EA92ADA0597}"
EndProject
Global
	GlobalSection(SolutionConfigurationPlatforms) = preSolution
		Debug|Any CPU = Debug|Any CPU
		Release|Any CPU = Release|Any CPU
	EndGlobalSection
	GlobalSection(ProjectConfigurationPlatforms) = postSolution
		{CD92BA69-9C72-4066-970F-4EA92ADA0597}.Debug|Any CPU.ActiveCfg = Debug|Any CPU
		{CD92BA69-9C72-4066-970F-4EA92ADA0597}.Debug|Any CPU.Build.0 = Debug|Any CPU
		{CD92BA69-9C72-4066-970F-4EA92ADA0597}.Release|Any CPU.ActiveCfg = Release|Any CPU
		{CD92BA69-9C72-4066-970F-4EA92ADA0597}.Release|Any CPU.Build.0 = Release|Any CPU
	EndGlobalSection
	GlobalSection(SolutionProperties) = preSolution
		HideSolutionNode = FALSE
	EndGlobalSection
	GlobalSection(ExtensibilityGlobals) = postSolution
		SolutionGuid = {8B3C94C3-FA52-462C-AC50-77F6F55DB597}
	EndGlobalSection
EndGlobal
